
Microsoft Visual Studio Solution File, Format Version 12.00
# Visual Studio Version 16
VisualStudioVersion = 16.0.30711.63
MinimumVisualStudioVersion = 10.0.40219.1
Project("{FAE04EC0-301F-11D3-BF4B-00C04F79EFBC}") = "pathNiop", "pathNiop\pathNiop.csproj", "{868449A1-E327-4F76-A6CC-B38CE484EB8B}"
EndProject
Global
	GlobalSection(SolutionConfigurationPlatforms) = preSolution
		Debug|Any CPU = Debug|Any CPU
		Release|Any CPU = Release|Any CPU
	EndGlobalSection
	GlobalSection(ProjectConfigurationPlatforms) = postSolution
		{868449A1-E327-4F76-A6CC-B38CE484EB8B}.Debug|Any CPU.ActiveCfg = Debug|Any CPU
		{868449A1-E327-4F76-A6CC-B38CE484EB8B}.Debug|Any CPU.Build.0 = Debug|Any CPU
		{868449A1-E327-4F76-A6CC-B38CE484EB8B}.Release|Any CPU.ActiveCfg = Release|Any CPU
		{868449A1-E327-4F76-A6CC-B38CE484EB8B}.Release|Any CPU.Build.0 = Release|Any CPU
	EndGlobalSection
	GlobalSection(SolutionProperties) = preSolution
		HideSolutionNode = FALSE
	EndGlobalSection
	GlobalSection(ExtensibilityGlobals) = postSolution
		SolutionGuid = {67CB0B44-8425-4A97-9046-203581EEA38A}
	EndGlobalSection
EndGlobal
